
Microsoft Visual Studio Solution File, Format Version 12.00
# Visual Studio 2013
VisualStudioVersion = 12.0.30723.0
MinimumVisualStudioVersion = 10.0.40219.1
Project("{8BC9CEB8-8B4A-11D0-8D11-00A0C91BC942}") = "Tenta141106", "Tenta141106\Tenta141106.vcxproj", "{0289C372-6C7E-46A2-908F-F58744A94C25}"
EndProject
Project("{8BC9CEB8-8B4A-11D0-8D11-00A0C91BC942}") = "Datakom", "Datakom\Datakom.vcxproj", "{323816A1-A074-4D62-9A36-CB306F7DCF49}"
EndProject
Project("{8BC9CEB8-8B4A-11D0-8D11-00A0C91BC942}") = "TentaStudent", "TentaStudent\TentaStudent.vcxproj", "{FCA03A1E-DB8B-4BC3-B255-390F80697176}"
EndProject
Project("{8BC9CEB8-8B4A-11D0-8D11-00A0C91BC942}") = "TicTacToe", "TicTacToe\TicTacToe.vcxproj", "{FDA1A547-2DA2-449A-8340-4A7EC074B820}"
EndProject
Project("{8BC9CEB8-8B4A-11D0-8D11-00A0C91BC942}") = "Dice", "Dice\Dice.vcxproj", "{E6A0A99E-EC73-4422-9342-261ED207848E}"
EndProject
Project("{8BC9CEB8-8B4A-11D0-8D11-00A0C91BC942}") = "Car", "Car\Car.vcxproj", "{5FCA3A0E-034C-4E14-B1B0-9EE7ABE626BC}"
EndProject
Project("{8BC9CEB8-8B4A-11D0-8D11-00A0C91BC942}") = "ADTrationella", "ADTrationella\ADTrationella.vcxproj", "{090B39E5-EFA6-40C6-94BC-B845CC07928C}"
EndProject
Project("{8BC9CEB8-8B4A-11D0-8D11-00A0C91BC942}") = "Pekare", "Pekare\Pekare.vcxproj", "{EBED80C3-DDF0-4226-AE68-FD4E1D449623}"
EndProject
Project("{8BC9CEB8-8B4A-11D0-8D11-00A0C91BC942}") = "EnkelLista", "EnkelLista\EnkelLista.vcxproj", "{D63C56B6-06C4-4BEC-986C-44969860CC3F}"
EndProject
Project("{8BC9CEB8-8B4A-11D0-8D11-00A0C91BC942}") = "ADTcomplex", "ADTcomplex\ADTcomplex.vcxproj", "{C60850AD-C3CC-4228-997D-D1430EF34014}"
EndProject
Project("{8BC9CEB8-8B4A-11D0-8D11-00A0C91BC942}") = "ADTmatvarde", "ADTmatvarde\ADTmatvarde.vcxproj", "{4B1312EB-BA0E-4A65-830D-F4F996B9D4AB}"
EndProject
Project("{8BC9CEB8-8B4A-11D0-8D11-00A0C91BC942}") = "ADTglosor", "ADTglosor\ADTglosor.vcxproj", "{8D9B3E49-E51C-43CC-9E8D-792E286B566F}"
EndProject
Project("{8BC9CEB8-8B4A-11D0-8D11-00A0C91BC942}") = "EnkelLista2", "EnkelLista2\EnkelLista2.vcxproj", "{2C7184D2-5BD5-4C70-9601-BB82A95E2361}"
EndProject
Project("{8BC9CEB8-8B4A-11D0-8D11-00A0C91BC942}") = "TidsTest", "TidsTest\TidsTest.vcxproj", "{75A0DE9F-11A3-4D38-899D-059E310D919A}"
EndProject
Project("{8BC9CEB8-8B4A-11D0-8D11-00A0C91BC942}") = "forward_list", "forward_list\forward_list.vcxproj", "{68833367-FA91-4459-B68E-2F0EE1A9CC1B}"
EndProject
Project("{8BC9CEB8-8B4A-11D0-8D11-00A0C91BC942}") = "TEST-forward_list", "TEST-forward_list\TEST-forward_list.vcxproj", "{73F892C1-4B48-49C9-82DB-9DF8C307973C}"
EndProject
Project("{8BC9CEB8-8B4A-11D0-8D11-00A0C91BC942}") = "stack", "stack\stack.vcxproj", "{8546DDBF-7FE0-43D8-AAC9-6AB688C64CD5}"
EndProject
Project("{8BC9CEB8-8B4A-11D0-8D11-00A0C91BC942}") = "queue", "queue\queue.vcxproj", "{A8CE2051-6AF7-4C85-868D-877F1037ACEB}"
EndProject
Project("{FAE04EC0-301F-11D3-BF4B-00C04F79EFBC}") = "DubbelLinkedList", "LinkedList\DubbelLinkedList.csproj", "{46220A2D-51C9-438D-A786-A21860421579}"
EndProject
Project("{FAE04EC0-301F-11D3-BF4B-00C04F79EFBC}") = "DubbelLinkedListTest", "DubbelLinkedListTest\DubbelLinkedListTest.csproj", "{4C559864-5718-452C-AFC5-3D6156E7ACC3}"
EndProject
Project("{8BC9CEB8-8B4A-11D0-8D11-00A0C91BC942}") = "Dejt", "Dejt\Dejt.vcxproj", "{E47736AA-AD39-41D1-9C37-78F13DBB8768}"
EndProject
Project("{8BC9CEB8-8B4A-11D0-8D11-00A0C91BC942}") = "DOA-Tenta1", "DOA-Tenta1\DOA-Tenta1.vcxproj", "{E1A26E86-C986-47EF-9B37-DC7E819BBDAA}"
EndProject
Project("{8BC9CEB8-8B4A-11D0-8D11-00A0C91BC942}") = "Hash", "Hash\Hash.vcxproj", "{EAA0F388-33C7-4259-B4A4-801784B7FBBD}"
EndProject
Project("{8BC9CEB8-8B4A-11D0-8D11-00A0C91BC942}") = "DOA-Tenta141218", "DOA-Tenta141218\DOA-Tenta141218.vcxproj", "{70D625F3-EEC1-45B1-8531-4EF9E4ECD817}"
EndProject
Global
	GlobalSection(SubversionScc) = preSolution
		Svn-Managed = True
		Manager = AnkhSVN - Subversion Support for Visual Studio
	EndGlobalSection
	GlobalSection(SolutionConfigurationPlatforms) = preSolution
		Debug|Any CPU = Debug|Any CPU
		Debug|Mixed Platforms = Debug|Mixed Platforms
		Debug|Win32 = Debug|Win32
		Release|Any CPU = Release|Any CPU
		Release|Mixed Platforms = Release|Mixed Platforms
		Release|Win32 = Release|Win32
	EndGlobalSection
	GlobalSection(ProjectConfigurationPlatforms) = postSolution
		{0289C372-6C7E-46A2-908F-F58744A94C25}.Debug|Any CPU.ActiveCfg = Debug|Win32
		{0289C372-6C7E-46A2-908F-F58744A94C25}.Debug|Mixed Platforms.ActiveCfg = Debug|Win32
		{0289C372-6C7E-46A2-908F-F58744A94C25}.Debug|Mixed Platforms.Build.0 = Debug|Win32
		{0289C372-6C7E-46A2-908F-F58744A94C25}.Debug|Win32.ActiveCfg = Debug|Win32
		{0289C372-6C7E-46A2-908F-F58744A94C25}.Debug|Win32.Build.0 = Debug|Win32
		{0289C372-6C7E-46A2-908F-F58744A94C25}.Release|Any CPU.ActiveCfg = Release|Win32
		{0289C372-6C7E-46A2-908F-F58744A94C25}.Release|Mixed Platforms.ActiveCfg = Release|Win32
		{0289C372-6C7E-46A2-908F-F58744A94C25}.Release|Mixed Platforms.Build.0 = Release|Win32
		{0289C372-6C7E-46A2-908F-F58744A94C25}.Release|Win32.ActiveCfg = Release|Win32
		{0289C372-6C7E-46A2-908F-F58744A94C25}.Release|Win32.Build.0 = Release|Win32
		{323816A1-A074-4D62-9A36-CB306F7DCF49}.Debug|Any CPU.ActiveCfg = Debug|Win32
		{323816A1-A074-4D62-9A36-CB306F7DCF49}.Debug|Mixed Platforms.ActiveCfg = Debug|Win32
		{323816A1-A074-4D62-9A36-CB306F7DCF49}.Debug|Mixed Platforms.Build.0 = Debug|Win32
		{323816A1-A074-4D62-9A36-CB306F7DCF49}.Debug|Win32.ActiveCfg = Debug|Win32
		{323816A1-A074-4D62-9A36-CB306F7DCF49}.Debug|Win32.Build.0 = Debug|Win32
		{323816A1-A074-4D62-9A36-CB306F7DCF49}.Release|Any CPU.ActiveCfg = Release|Win32
		{323816A1-A074-4D62-9A36-CB306F7DCF49}.Release|Mixed Platforms.ActiveCfg = Release|Win32
		{323816A1-A074-4D62-9A36-CB306F7DCF49}.Release|Mixed Platforms.Build.0 = Release|Win32
		{323816A1-A074-4D62-9A36-CB306F7DCF49}.Release|Win32.ActiveCfg = Release|Win32
		{323816A1-A074-4D62-9A36-CB306F7DCF49}.Release|Win32.Build.0 = Release|Win32
		{FCA03A1E-DB8B-4BC3-B255-390F80697176}.Debug|Any CPU.ActiveCfg = Debug|Win32
		{FCA03A1E-DB8B-4BC3-B255-390F80697176}.Debug|Mixed Platforms.ActiveCfg = Debug|Win32
		{FCA03A1E-DB8B-4BC3-B255-390F80697176}.Debug|Mixed Platforms.Build.0 = Debug|Win32
		{FCA03A1E-DB8B-4BC3-B255-390F80697176}.Debug|Win32.ActiveCfg = Debug|Win32
		{FCA03A1E-DB8B-4BC3-B255-390F80697176}.Debug|Win32.Build.0 = Debug|Win32
		{FCA03A1E-DB8B-4BC3-B255-390F80697176}.Release|Any CPU.ActiveCfg = Release|Win32
		{FCA03A1E-DB8B-4BC3-B255-390F80697176}.Release|Mixed Platforms.ActiveCfg = Release|Win32
		{FCA03A1E-DB8B-4BC3-B255-390F80697176}.Release|Mixed Platforms.Build.0 = Release|Win32
		{FCA03A1E-DB8B-4BC3-B255-390F80697176}.Release|Win32.ActiveCfg = Release|Win32
		{FCA03A1E-DB8B-4BC3-B255-390F80697176}.Release|Win32.Build.0 = Release|Win32
		{FDA1A547-2DA2-449A-8340-4A7EC074B820}.Debug|Any CPU.ActiveCfg = Debug|Win32
		{FDA1A547-2DA2-449A-8340-4A7EC074B820}.Debug|Mixed Platforms.ActiveCfg = Debug|Win32
		{FDA1A547-2DA2-449A-8340-4A7EC074B820}.Debug|Mixed Platforms.Build.0 = Debug|Win32
		{FDA1A547-2DA2-449A-8340-4A7EC074B820}.Debug|Win32.ActiveCfg = Debug|Win32
		{FDA1A547-2DA2-449A-8340-4A7EC074B820}.Debug|Win32.Build.0 = Debug|Win32
		{FDA1A547-2DA2-449A-8340-4A7EC074B820}.Release|Any CPU.ActiveCfg = Release|Win32
		{FDA1A547-2DA2-449A-8340-4A7EC074B820}.Release|Mixed Platforms.ActiveCfg = Release|Win32
		{FDA1A547-2DA2-449A-8340-4A7EC074B820}.Release|Mixed Platforms.Build.0 = Release|Win32
		{FDA1A547-2DA2-449A-8340-4A7EC074B820}.Release|Win32.ActiveCfg = Release|Win32
		{FDA1A547-2DA2-449A-8340-4A7EC074B820}.Release|Win32.Build.0 = Release|Win32
		{E6A0A99E-EC73-4422-9342-261ED207848E}.Debug|Any CPU.ActiveCfg = Debug|Win32
		{E6A0A99E-EC73-4422-9342-261ED207848E}.Debug|Mixed Platforms.ActiveCfg = Debug|Win32
		{E6A0A99E-EC73-4422-9342-261ED207848E}.Debug|Mixed Platforms.Build.0 = Debug|Win32
		{E6A0A99E-EC73-4422-9342-261ED207848E}.Debug|Win32.ActiveCfg = Debug|Win32
		{E6A0A99E-EC73-4422-9342-261ED207848E}.Debug|Win32.Build.0 = Debug|Win32
		{E6A0A99E-EC73-4422-9342-261ED207848E}.Release|Any CPU.ActiveCfg = Release|Win32
		{E6A0A99E-EC73-4422-9342-261ED207848E}.Release|Mixed Platforms.ActiveCfg = Release|Win32
		{E6A0A99E-EC73-4422-9342-261ED207848E}.Release|Mixed Platforms.Build.0 = Release|Win32
		{E6A0A99E-EC73-4422-9342-261ED207848E}.Release|Win32.ActiveCfg = Release|Win32
		{E6A0A99E-EC73-4422-9342-261ED207848E}.Release|Win32.Build.0 = Release|Win32
		{5FCA3A0E-034C-4E14-B1B0-9EE7ABE626BC}.Debug|Any CPU.ActiveCfg = Debug|Win32
		{5FCA3A0E-034C-4E14-B1B0-9EE7ABE626BC}.Debug|Mixed Platforms.ActiveCfg = Debug|Win32
		{5FCA3A0E-034C-4E14-B1B0-9EE7ABE626BC}.Debug|Mixed Platforms.Build.0 = Debug|Win32
		{5FCA3A0E-034C-4E14-B1B0-9EE7ABE626BC}.Debug|Win32.ActiveCfg = Debug|Win32
		{5FCA3A0E-034C-4E14-B1B0-9EE7ABE626BC}.Debug|Win32.Build.0 = Debug|Win32
		{5FCA3A0E-034C-4E14-B1B0-9EE7ABE626BC}.Release|Any CPU.ActiveCfg = Release|Win32
		{5FCA3A0E-034C-4E14-B1B0-9EE7ABE626BC}.Release|Mixed Platforms.ActiveCfg = Release|Win32
		{5FCA3A0E-034C-4E14-B1B0-9EE7ABE626BC}.Release|Mixed Platforms.Build.0 = Release|Win32
		{5FCA3A0E-034C-4E14-B1B0-9EE7ABE626BC}.Release|Win32.ActiveCfg = Release|Win32
		{5FCA3A0E-034C-4E14-B1B0-9EE7ABE626BC}.Release|Win32.Build.0 = Release|Win32
		{090B39E5-EFA6-40C6-94BC-B845CC07928C}.Debug|Any CPU.ActiveCfg = Debug|Win32
		{090B39E5-EFA6-40C6-94BC-B845CC07928C}.Debug|Mixed Platforms.ActiveCfg = Debug|Win32
		{090B39E5-EFA6-40C6-94BC-B845CC07928C}.Debug|Mixed Platforms.Build.0 = Debug|Win32
		{090B39E5-EFA6-40C6-94BC-B845CC07928C}.Debug|Win32.ActiveCfg = Debug|Win32
		{090B39E5-EFA6-40C6-94BC-B845CC07928C}.Debug|Win32.Build.0 = Debug|Win32
		{090B39E5-EFA6-40C6-94BC-B845CC07928C}.Release|Any CPU.ActiveCfg = Release|Win32
		{090B39E5-EFA6-40C6-94BC-B845CC07928C}.Release|Mixed Platforms.ActiveCfg = Release|Win32
		{090B39E5-EFA6-40C6-94BC-B845CC07928C}.Release|Mixed Platforms.Build.0 = Release|Win32
		{090B39E5-EFA6-40C6-94BC-B845CC07928C}.Release|Win32.ActiveCfg = Release|Win32
		{090B39E5-EFA6-40C6-94BC-B845CC07928C}.Release|Win32.Build.0 = Release|Win32
		{EBED80C3-DDF0-4226-AE68-FD4E1D449623}.Debug|Any CPU.ActiveCfg = Debug|Win32
		{EBED80C3-DDF0-4226-AE68-FD4E1D449623}.Debug|Mixed Platforms.ActiveCfg = Debug|Win32
		{EBED80C3-DDF0-4226-AE68-FD4E1D449623}.Debug|Mixed Platforms.Build.0 = Debug|Win32
		{EBED80C3-DDF0-4226-AE68-FD4E1D449623}.Debug|Win32.ActiveCfg = Debug|Win32
		{EBED80C3-DDF0-4226-AE68-FD4E1D449623}.Debug|Win32.Build.0 = Debug|Win32
		{EBED80C3-DDF0-4226-AE68-FD4E1D449623}.Release|Any CPU.ActiveCfg = Release|Win32
		{EBED80C3-DDF0-4226-AE68-FD4E1D449623}.Release|Mixed Platforms.ActiveCfg = Release|Win32
		{EBED80C3-DDF0-4226-AE68-FD4E1D449623}.Release|Mixed Platforms.Build.0 = Release|Win32
		{EBED80C3-DDF0-4226-AE68-FD4E1D449623}.Release|Win32.ActiveCfg = Release|Win32
		{EBED80C3-DDF0-4226-AE68-FD4E1D449623}.Release|Win32.Build.0 = Release|Win32
		{D63C56B6-06C4-4BEC-986C-44969860CC3F}.Debug|Any CPU.ActiveCfg = Debug|Win32
		{D63C56B6-06C4-4BEC-986C-44969860CC3F}.Debug|Mixed Platforms.ActiveCfg = Debug|Win32
		{D63C56B6-06C4-4BEC-986C-44969860CC3F}.Debug|Mixed Platforms.Build.0 = Debug|Win32
		{D63C56B6-06C4-4BEC-986C-44969860CC3F}.Debug|Win32.ActiveCfg = Debug|Win32
		{D63C56B6-06C4-4BEC-986C-44969860CC3F}.Debug|Win32.Build.0 = Debug|Win32
		{D63C56B6-06C4-4BEC-986C-44969860CC3F}.Release|Any CPU.ActiveCfg = Release|Win32
		{D63C56B6-06C4-4BEC-986C-44969860CC3F}.Release|Mixed Platforms.ActiveCfg = Release|Win32
		{D63C56B6-06C4-4BEC-986C-44969860CC3F}.Release|Mixed Platforms.Build.0 = Release|Win32
		{D63C56B6-06C4-4BEC-986C-44969860CC3F}.Release|Win32.ActiveCfg = Release|Win32
		{D63C56B6-06C4-4BEC-986C-44969860CC3F}.Release|Win32.Build.0 = Release|Win32
		{C60850AD-C3CC-4228-997D-D1430EF34014}.Debug|Any CPU.ActiveCfg = Debug|Win32
		{C60850AD-C3CC-4228-997D-D1430EF34014}.Debug|Mixed Platforms.ActiveCfg = Debug|Win32
		{C60850AD-C3CC-4228-997D-D1430EF34014}.Debug|Mixed Platforms.Build.0 = Debug|Win32
		{C60850AD-C3CC-4228-997D-D1430EF34014}.Debug|Win32.ActiveCfg = Debug|Win32
		{C60850AD-C3CC-4228-997D-D1430EF34014}.Debug|Win32.Build.0 = Debug|Win32
		{C60850AD-C3CC-4228-997D-D1430EF34014}.Release|Any CPU.ActiveCfg = Release|Win32
		{C60850AD-C3CC-4228-997D-D1430EF34014}.Release|Mixed Platforms.ActiveCfg = Release|Win32
		{C60850AD-C3CC-4228-997D-D1430EF34014}.Release|Mixed Platforms.Build.0 = Release|Win32
		{C60850AD-C3CC-4228-997D-D1430EF34014}.Release|Win32.ActiveCfg = Release|Win32
		{C60850AD-C3CC-4228-997D-D1430EF34014}.Release|Win32.Build.0 = Release|Win32
		{4B1312EB-BA0E-4A65-830D-F4F996B9D4AB}.Debug|Any CPU.ActiveCfg = Debug|Win32
		{4B1312EB-BA0E-4A65-830D-F4F996B9D4AB}.Debug|Mixed Platforms.ActiveCfg = Debug|Win32
		{4B1312EB-BA0E-4A65-830D-F4F996B9D4AB}.Debug|Mixed Platforms.Build.0 = Debug|Win32
		{4B1312EB-BA0E-4A65-830D-F4F996B9D4AB}.Debug|Win32.ActiveCfg = Debug|Win32
		{4B1312EB-BA0E-4A65-830D-F4F996B9D4AB}.Debug|Win32.Build.0 = Debug|Win32
		{4B1312EB-BA0E-4A65-830D-F4F996B9D4AB}.Release|Any CPU.ActiveCfg = Release|Win32
		{4B1312EB-BA0E-4A65-830D-F4F996B9D4AB}.Release|Mixed Platforms.ActiveCfg = Release|Win32
		{4B1312EB-BA0E-4A65-830D-F4F996B9D4AB}.Release|Mixed Platforms.Build.0 = Release|Win32
		{4B1312EB-BA0E-4A65-830D-F4F996B9D4AB}.Release|Win32.ActiveCfg = Release|Win32
		{4B1312EB-BA0E-4A65-830D-F4F996B9D4AB}.Release|Win32.Build.0 = Release|Win32
		{8D9B3E49-E51C-43CC-9E8D-792E286B566F}.Debug|Any CPU.ActiveCfg = Debug|Win32
		{8D9B3E49-E51C-43CC-9E8D-792E286B566F}.Debug|Mixed Platforms.ActiveCfg = Debug|Win32
		{8D9B3E49-E51C-43CC-9E8D-792E286B566F}.Debug|Mixed Platforms.Build.0 = Debug|Win32
		{8D9B3E49-E51C-43CC-9E8D-792E286B566F}.Debug|Win32.ActiveCfg = Debug|Win32
		{8D9B3E49-E51C-43CC-9E8D-792E286B566F}.Debug|Win32.Build.0 = Debug|Win32
		{8D9B3E49-E51C-43CC-9E8D-792E286B566F}.Release|Any CPU.ActiveCfg = Release|Win32
		{8D9B3E49-E51C-43CC-9E8D-792E286B566F}.Release|Mixed Platforms.ActiveCfg = Release|Win32
		{8D9B3E49-E51C-43CC-9E8D-792E286B566F}.Release|Mixed Platforms.Build.0 = Release|Win32
		{8D9B3E49-E51C-43CC-9E8D-792E286B566F}.Release|Win32.ActiveCfg = Release|Win32
		{8D9B3E49-E51C-43CC-9E8D-792E286B566F}.Release|Win32.Build.0 = Release|Win32
		{2C7184D2-5BD5-4C70-9601-BB82A95E2361}.Debug|Any CPU.ActiveCfg = Debug|Win32
		{2C7184D2-5BD5-4C70-9601-BB82A95E2361}.Debug|Mixed Platforms.ActiveCfg = Debug|Win32
		{2C7184D2-5BD5-4C70-9601-BB82A95E2361}.Debug|Mixed Platforms.Build.0 = Debug|Win32
		{2C7184D2-5BD5-4C70-9601-BB82A95E2361}.Debug|Win32.ActiveCfg = Debug|Win32
		{2C7184D2-5BD5-4C70-9601-BB82A95E2361}.Debug|Win32.Build.0 = Debug|Win32
		{2C7184D2-5BD5-4C70-9601-BB82A95E2361}.Release|Any CPU.ActiveCfg = Release|Win32
		{2C7184D2-5BD5-4C70-9601-BB82A95E2361}.Release|Mixed Platforms.ActiveCfg = Release|Win32
		{2C7184D2-5BD5-4C70-9601-BB82A95E2361}.Release|Mixed Platforms.Build.0 = Release|Win32
		{2C7184D2-5BD5-4C70-9601-BB82A95E2361}.Release|Win32.ActiveCfg = Release|Win32
		{2C7184D2-5BD5-4C70-9601-BB82A95E2361}.Release|Win32.Build.0 = Release|Win32
		{75A0DE9F-11A3-4D38-899D-059E310D919A}.Debug|Any CPU.ActiveCfg = Debug|Win32
		{75A0DE9F-11A3-4D38-899D-059E310D919A}.Debug|Mixed Platforms.ActiveCfg = Debug|Win32
		{75A0DE9F-11A3-4D38-899D-059E310D919A}.Debug|Mixed Platforms.Build.0 = Debug|Win32
		{75A0DE9F-11A3-4D38-899D-059E310D919A}.Debug|Win32.ActiveCfg = Debug|Win32
		{75A0DE9F-11A3-4D38-899D-059E310D919A}.Debug|Win32.Build.0 = Debug|Win32
		{75A0DE9F-11A3-4D38-899D-059E310D919A}.Release|Any CPU.ActiveCfg = Release|Win32
		{75A0DE9F-11A3-4D38-899D-059E310D919A}.Release|Mixed Platforms.ActiveCfg = Release|Win32
		{75A0DE9F-11A3-4D38-899D-059E310D919A}.Release|Mixed Platforms.Build.0 = Release|Win32
		{75A0DE9F-11A3-4D38-899D-059E310D919A}.Release|Win32.ActiveCfg = Release|Win32
		{75A0DE9F-11A3-4D38-899D-059E310D919A}.Release|Win32.Build.0 = Release|Win32
		{68833367-FA91-4459-B68E-2F0EE1A9CC1B}.Debug|Any CPU.ActiveCfg = Debug|Win32
		{68833367-FA91-4459-B68E-2F0EE1A9CC1B}.Debug|Mixed Platforms.ActiveCfg = Debug|Win32
		{68833367-FA91-4459-B68E-2F0EE1A9CC1B}.Debug|Mixed Platforms.Build.0 = Debug|Win32
		{68833367-FA91-4459-B68E-2F0EE1A9CC1B}.Debug|Win32.ActiveCfg = Debug|Win32
		{68833367-FA91-4459-B68E-2F0EE1A9CC1B}.Debug|Win32.Build.0 = Debug|Win32
		{68833367-FA91-4459-B68E-2F0EE1A9CC1B}.Release|Any CPU.ActiveCfg = Release|Win32
		{68833367-FA91-4459-B68E-2F0EE1A9CC1B}.Release|Mixed Platforms.ActiveCfg = Release|Win32
		{68833367-FA91-4459-B68E-2F0EE1A9CC1B}.Release|Mixed Platforms.Build.0 = Release|Win32
		{68833367-FA91-4459-B68E-2F0EE1A9CC1B}.Release|Win32.ActiveCfg = Release|Win32
		{68833367-FA91-4459-B68E-2F0EE1A9CC1B}.Release|Win32.Build.0 = Release|Win32
		{73F892C1-4B48-49C9-82DB-9DF8C307973C}.Debug|Any CPU.ActiveCfg = Debug|Win32
		{73F892C1-4B48-49C9-82DB-9DF8C307973C}.Debug|Mixed Platforms.ActiveCfg = Debug|Win32
		{73F892C1-4B48-49C9-82DB-9DF8C307973C}.Debug|Mixed Platforms.Build.0 = Debug|Win32
		{73F892C1-4B48-49C9-82DB-9DF8C307973C}.Debug|Win32.ActiveCfg = Debug|Win32
		{73F892C1-4B48-49C9-82DB-9DF8C307973C}.Debug|Win32.Build.0 = Debug|Win32
		{73F892C1-4B48-49C9-82DB-9DF8C307973C}.Release|Any CPU.ActiveCfg = Release|Win32
		{73F892C1-4B48-49C9-82DB-9DF8C307973C}.Release|Mixed Platforms.ActiveCfg = Release|Win32
		{73F892C1-4B48-49C9-82DB-9DF8C307973C}.Release|Mixed Platforms.Build.0 = Release|Win32
		{73F892C1-4B48-49C9-82DB-9DF8C307973C}.Release|Win32.ActiveCfg = Release|Win32
		{73F892C1-4B48-49C9-82DB-9DF8C307973C}.Release|Win32.Build.0 = Release|Win32
		{8546DDBF-7FE0-43D8-AAC9-6AB688C64CD5}.Debug|Any CPU.ActiveCfg = Debug|Win32
		{8546DDBF-7FE0-43D8-AAC9-6AB688C64CD5}.Debug|Mixed Platforms.ActiveCfg = Debug|Win32
		{8546DDBF-7FE0-43D8-AAC9-6AB688C64CD5}.Debug|Mixed Platforms.Build.0 = Debug|Win32
		{8546DDBF-7FE0-43D8-AAC9-6AB688C64CD5}.Debug|Win32.ActiveCfg = Debug|Win32
		{8546DDBF-7FE0-43D8-AAC9-6AB688C64CD5}.Debug|Win32.Build.0 = Debug|Win32
		{8546DDBF-7FE0-43D8-AAC9-6AB688C64CD5}.Release|Any CPU.ActiveCfg = Release|Win32
		{8546DDBF-7FE0-43D8-AAC9-6AB688C64CD5}.Release|Mixed Platforms.ActiveCfg = Release|Win32
		{8546DDBF-7FE0-43D8-AAC9-6AB688C64CD5}.Release|Mixed Platforms.Build.0 = Release|Win32
		{8546DDBF-7FE0-43D8-AAC9-6AB688C64CD5}.Release|Win32.ActiveCfg = Release|Win32
		{8546DDBF-7FE0-43D8-AAC9-6AB688C64CD5}.Release|Win32.Build.0 = Release|Win32
		{A8CE2051-6AF7-4C85-868D-877F1037ACEB}.Debug|Any CPU.ActiveCfg = Debug|Win32
		{A8CE2051-6AF7-4C85-868D-877F1037ACEB}.Debug|Mixed Platforms.ActiveCfg = Debug|Win32
		{A8CE2051-6AF7-4C85-868D-877F1037ACEB}.Debug|Mixed Platforms.Build.0 = Debug|Win32
		{A8CE2051-6AF7-4C85-868D-877F1037ACEB}.Debug|Win32.ActiveCfg = Debug|Win32
		{A8CE2051-6AF7-4C85-868D-877F1037ACEB}.Debug|Win32.Build.0 = Debug|Win32
		{A8CE2051-6AF7-4C85-868D-877F1037ACEB}.Release|Any CPU.ActiveCfg = Release|Win32
		{A8CE2051-6AF7-4C85-868D-877F1037ACEB}.Release|Mixed Platforms.ActiveCfg = Release|Win32
		{A8CE2051-6AF7-4C85-868D-877F1037ACEB}.Release|Mixed Platforms.Build.0 = Release|Win32
		{A8CE2051-6AF7-4C85-868D-877F1037ACEB}.Release|Win32.ActiveCfg = Release|Win32
		{A8CE2051-6AF7-4C85-868D-877F1037ACEB}.Release|Win32.Build.0 = Release|Win32
		{46220A2D-51C9-438D-A786-A21860421579}.Debug|Any CPU.ActiveCfg = Debug|Any CPU
		{46220A2D-51C9-438D-A786-A21860421579}.Debug|Any CPU.Build.0 = Debug|Any CPU
		{46220A2D-51C9-438D-A786-A21860421579}.Debug|Mixed Platforms.ActiveCfg = Debug|Any CPU
		{46220A2D-51C9-438D-A786-A21860421579}.Debug|Mixed Platforms.Build.0 = Debug|Any CPU
		{46220A2D-51C9-438D-A786-A21860421579}.Debug|Win32.ActiveCfg = Debug|Any CPU
		{46220A2D-51C9-438D-A786-A21860421579}.Release|Any CPU.ActiveCfg = Release|Any CPU
		{46220A2D-51C9-438D-A786-A21860421579}.Release|Any CPU.Build.0 = Release|Any CPU
		{46220A2D-51C9-438D-A786-A21860421579}.Release|Mixed Platforms.ActiveCfg = Release|Any CPU
		{46220A2D-51C9-438D-A786-A21860421579}.Release|Mixed Platforms.Build.0 = Release|Any CPU
		{46220A2D-51C9-438D-A786-A21860421579}.Release|Win32.ActiveCfg = Release|Any CPU
		{4C559864-5718-452C-AFC5-3D6156E7ACC3}.Debug|Any CPU.ActiveCfg = Debug|Any CPU
		{4C559864-5718-452C-AFC5-3D6156E7ACC3}.Debug|Any CPU.Build.0 = Debug|Any CPU
		{4C559864-5718-452C-AFC5-3D6156E7ACC3}.Debug|Mixed Platforms.ActiveCfg = Debug|Any CPU
		{4C559864-5718-452C-AFC5-3D6156E7ACC3}.Debug|Mixed Platforms.Build.0 = Debug|Any CPU
		{4C559864-5718-452C-AFC5-3D6156E7ACC3}.Debug|Win32.ActiveCfg = Debug|Any CPU
		{4C559864-5718-452C-AFC5-3D6156E7ACC3}.Release|Any CPU.ActiveCfg = Release|Any CPU
		{4C559864-5718-452C-AFC5-3D6156E7ACC3}.Release|Any CPU.Build.0 = Release|Any CPU
		{4C559864-5718-452C-AFC5-3D6156E7ACC3}.Release|Mixed Platforms.ActiveCfg = Release|Any CPU
		{4C559864-5718-452C-AFC5-3D6156E7ACC3}.Release|Mixed Platforms.Build.0 = Release|Any CPU
		{4C559864-5718-452C-AFC5-3D6156E7ACC3}.Release|Win32.ActiveCfg = Release|Any CPU
		{E47736AA-AD39-41D1-9C37-78F13DBB8768}.Debug|Any CPU.ActiveCfg = Debug|Win32
		{E47736AA-AD39-41D1-9C37-78F13DBB8768}.Debug|Mixed Platforms.ActiveCfg = Debug|Win32
		{E47736AA-AD39-41D1-9C37-78F13DBB8768}.Debug|Mixed Platforms.Build.0 = Debug|Win32
		{E47736AA-AD39-41D1-9C37-78F13DBB8768}.Debug|Win32.ActiveCfg = Debug|Win32
		{E47736AA-AD39-41D1-9C37-78F13DBB8768}.Debug|Win32.Build.0 = Debug|Win32
		{E47736AA-AD39-41D1-9C37-78F13DBB8768}.Release|Any CPU.ActiveCfg = Release|Win32
		{E47736AA-AD39-41D1-9C37-78F13DBB8768}.Release|Mixed Platforms.ActiveCfg = Release|Win32
		{E47736AA-AD39-41D1-9C37-78F13DBB8768}.Release|Mixed Platforms.Build.0 = Release|Win32
		{E47736AA-AD39-41D1-9C37-78F13DBB8768}.Release|Win32.ActiveCfg = Release|Win32
		{E47736AA-AD39-41D1-9C37-78F13DBB8768}.Release|Win32.Build.0 = Release|Win32
		{E1A26E86-C986-47EF-9B37-DC7E819BBDAA}.Debug|Any CPU.ActiveCfg = Debug|Win32
		{E1A26E86-C986-47EF-9B37-DC7E819BBDAA}.Debug|Mixed Platforms.ActiveCfg = Debug|Win32
		{E1A26E86-C986-47EF-9B37-DC7E819BBDAA}.Debug|Mixed Platforms.Build.0 = Debug|Win32
		{E1A26E86-C986-47EF-9B37-DC7E819BBDAA}.Debug|Win32.ActiveCfg = Debug|Win32
		{E1A26E86-C986-47EF-9B37-DC7E819BBDAA}.Debug|Win32.Build.0 = Debug|Win32
		{E1A26E86-C986-47EF-9B37-DC7E819BBDAA}.Release|Any CPU.ActiveCfg = Release|Win32
		{E1A26E86-C986-47EF-9B37-DC7E819BBDAA}.Release|Mixed Platforms.ActiveCfg = Release|Win32
		{E1A26E86-C986-47EF-9B37-DC7E819BBDAA}.Release|Mixed Platforms.Build.0 = Release|Win32
		{E1A26E86-C986-47EF-9B37-DC7E819BBDAA}.Release|Win32.ActiveCfg = Release|Win32
		{E1A26E86-C986-47EF-9B37-DC7E819BBDAA}.Release|Win32.Build.0 = Release|Win32
		{EAA0F388-33C7-4259-B4A4-801784B7FBBD}.Debug|Any CPU.ActiveCfg = Debug|Win32
		{EAA0F388-33C7-4259-B4A4-801784B7FBBD}.Debug|Mixed Platforms.ActiveCfg = Debug|Win32
		{EAA0F388-33C7-4259-B4A4-801784B7FBBD}.Debug|Mixed Platforms.Build.0 = Debug|Win32
		{EAA0F388-33C7-4259-B4A4-801784B7FBBD}.Debug|Win32.ActiveCfg = Debug|Win32
		{EAA0F388-33C7-4259-B4A4-801784B7FBBD}.Debug|Win32.Build.0 = Debug|Win32
		{EAA0F388-33C7-4259-B4A4-801784B7FBBD}.Release|Any CPU.ActiveCfg = Release|Win32
		{EAA0F388-33C7-4259-B4A4-801784B7FBBD}.Release|Mixed Platforms.ActiveCfg = Release|Win32
		{EAA0F388-33C7-4259-B4A4-801784B7FBBD}.Release|Mixed Platforms.Build.0 = Release|Win32
		{EAA0F388-33C7-4259-B4A4-801784B7FBBD}.Release|Win32.ActiveCfg = Release|Win32
		{EAA0F388-33C7-4259-B4A4-801784B7FBBD}.Release|Win32.Build.0 = Release|Win32
		{70D625F3-EEC1-45B1-8531-4EF9E4ECD817}.Debug|Any CPU.ActiveCfg = Debug|Win32
		{70D625F3-EEC1-45B1-8531-4EF9E4ECD817}.Debug|Mixed Platforms.ActiveCfg = Debug|Win32
		{70D625F3-EEC1-45B1-8531-4EF9E4ECD817}.Debug|Mixed Platforms.Build.0 = Debug|Win32
		{70D625F3-EEC1-45B1-8531-4EF9E4ECD817}.Debug|Win32.ActiveCfg = Debug|Win32
		{70D625F3-EEC1-45B1-8531-4EF9E4ECD817}.Debug|Win32.Build.0 = Debug|Win32
		{70D625F3-EEC1-45B1-8531-4EF9E4ECD817}.Release|Any CPU.ActiveCfg = Release|Win32
		{70D625F3-EEC1-45B1-8531-4EF9E4ECD817}.Release|Mixed Platforms.ActiveCfg = Release|Win32
		{70D625F3-EEC1-45B1-8531-4EF9E4ECD817}.Release|Mixed Platforms.Build.0 = Release|Win32
		{70D625F3-EEC1-45B1-8531-4EF9E4ECD817}.Release|Win32.ActiveCfg = Release|Win32
		{70D625F3-EEC1-45B1-8531-4EF9E4ECD817}.Release|Win32.Build.0 = Release|Win32
	EndGlobalSection
	GlobalSection(SolutionProperties) = preSolution
		HideSolutionNode = FALSE
	EndGlobalSection
EndGlobal
